
Microsoft Visual Studio Solution File, Format Version 12.00
# Visual Studio Version 16
VisualStudioVersion = 16.0.31702.278
MinimumVisualStudioVersion = 10.0.40219.1
Project("{FAE04EC0-301F-11D3-BF4B-00C04F79EFBC}") = "SyntaxSugar-Exercise01", "SyntaxSugar-Exercise01\SyntaxSugar-Exercise01.csproj", "{DDEB44D2-C4BB-470A-9AA8-374E8E944A05}"
EndProject
Global
	GlobalSection(SolutionConfigurationPlatforms) = preSolution
		Debug|Any CPU = Debug|Any CPU
		Release|Any CPU = Release|Any CPU
	EndGlobalSection
	GlobalSection(ProjectConfigurationPlatforms) = postSolution
		{DDEB44D2-C4BB-470A-9AA8-374E8E944A05}.Debug|Any CPU.ActiveCfg = Debug|Any CPU
		{DDEB44D2-C4BB-470A-9AA8-374E8E944A05}.Debug|Any CPU.Build.0 = Debug|Any CPU
		{DDEB44D2-C4BB-470A-9AA8-374E8E944A05}.Release|Any CPU.ActiveCfg = Release|Any CPU
		{DDEB44D2-C4BB-470A-9AA8-374E8E944A05}.Release|Any CPU.Build.0 = Release|Any CPU
	EndGlobalSection
	GlobalSection(SolutionProperties) = preSolution
		HideSolutionNode = FALSE
	EndGlobalSection
	GlobalSection(ExtensibilityGlobals) = postSolution
		SolutionGuid = {FABAB3C2-A79F-492C-A189-E1C97DEDBE72}
	EndGlobalSection
EndGlobal
